{
  "nodes": {
    "flake-utils": {
      "inputs": {
        "systems": "systems"
      },
      "locked": {
        "lastModified": 1731533236,
        "narHash": "sha256-l0KFg5HjrsfsO/JpG+r7fRrqm12kzFHyUHqHCVpMMbI=",
        "owner": "numtide",
        "repo": "flake-utils",
        "rev": "11707dc2f618dd54ca8739b309ec4fc024de578b",
        "type": "github"
      },
      "original": {
        "owner": "numtide",
        "repo": "flake-utils",
        "type": "github"
      }
    },
    "home-manager": {
      "inputs": {
        "nixpkgs": [
          "nixpkgs"
        ]
      },
      "locked": {
        "lastModified": 1787661347,
        "narHash": "sha256-THmnBAdAIV+jT348f3r/vyoeb6ilhcVLwVXkBU7Pai8=",
        "owner": "nix-community",
        "repo": "home-manager",
        "rev": "52c3a5881c821ad7367bbde075e52b76cdb378ab",
        "type": "github"
      },
      "original": {
        "owner": "nix-community",
        "repo": "home-manager",
        "type": "github"
      }
    },
    "kineticwe": {
      "inputs": {
        "flake-utils": "flake-utils",
        "nixpkgs": [
          "nixpkgs"
        ],
        "noctalia": "noctalia"
      },
      "locked": {
        "lastModified": 1786597388,
        "narHash": "sha256-uuDGw+Oh5MUkBA3iHFk7F9QSBaHorskAPPTc8uRTm0M=",
        "owner": "theblackdon",
        "repo": "kineticwe",
        "rev": "a8bed320c5f8c7dff296b565712bb6bd38f8bebc",
        "type": "gitlab"
      },
      "original": {
        "owner": "theblackdon",
        "repo": "kineticwe",
        "type": "gitlab"
      }
    },
    "nix-flatpak": {
      "locked": {
        "lastModified": 1767983141,
        "narHash": "sha256-7ZCulYUD9RmJIDULTRkGLSW1faMpDlPKcbWJLYHoXcs=",
        "owner": "gmodena",
        "repo": "nix-flatpak",
        "rev": "440818969ac2cbd77bfe025e884d0aa528991374",
        "type": "github"
      },
      "original": {
        "owner": "gmodena",
        "ref": "latest",
        "repo": "nix-flatpak",
        "type": "github"
      }
    },
    "nixpkgs": {
      "locked": {
        "lastModified": 1787498568,
        "narHash": "sha256-9i/VTdusq/+NM/tz+J1Re+ojkMB8MBf0QshnYfzHz30=",
        "owner": "nixos",
        "repo": "nixpkgs",
        "rev": "56c02bc00adcf003215cc4bd996d6efaf4cff188",
        "type": "github"
      },
      "original": {
        "owner": "nixos",
        "ref": "nixos-unstable",
        "repo": "nixpkgs",
        "type": "github"
      }
    },
    "noctalia": {
      "inputs": {
        "nixpkgs": [
          "kineticwe",
          "nixpkgs"
        ]
      },
      "locked": {
        "lastModified": 1786562724,
        "narHash": "sha256-a2qnW1hQVkZN1GAkl0pkwS62NCP3KURnPXQxjG5T5rg=",
        "owner": "noctalia-dev",
        "repo": "noctalia",
        "rev": "0bf29dd9e202234cdc7fcfa6f75e938bd7fd724a",
        "type": "github"
      },
      "original": {
        "owner": "noctalia-dev",
        "repo": "noctalia",
        "type": "github"
      }
    },
    "noctalia-greeter": {
      "inputs": {
        "nixpkgs": [
          "nixpkgs"
        ]
      },
      "locked": {
        "lastModified": 1787482410,
        "narHash": "sha256-R32LF+S4NnmJwSnzt5xKjb15RjYemb/ZZRnDnP5lxfs=",
        "owner": "noctalia-dev",
        "repo": "noctalia-greeter",
        "rev": "5956c6f40249b2837bb260d25ea3953a2631fbdc",
        "type": "github"
      },
      "original": {
        "owner": "noctalia-dev",
        "repo": "noctalia-greeter",
        "type": "github"
      }
    },
    "noctalia_2": {
      "inputs": {
        "nixpkgs": [
          "nixpkgs"
        ]
      },
      "locked": {
        "lastModified": 1787661534,
        "narHash": "sha256-KMKnvnrst1sEr9GA88HCSR7ffSohZb7ubH+fUatiUBI=",
        "owner": "noctalia-dev",
        "repo": "noctalia",
        "rev": "67addbd529cfd9db30c9d0ee6e08d5f6836c9e1a",
        "type": "github"
      },
      "original": {
        "owner": "noctalia-dev",
        "repo": "noctalia",
        "type": "github"
      }
    },
    "root": {
      "inputs": {
        "home-manager": "home-manager",
        "kineticwe": "kineticwe",
        "nix-flatpak": "nix-flatpak",
        "nixpkgs": "nixpkgs",
        "noctalia": "noctalia_2",
        "noctalia-greeter": "noctalia-greeter",
        "umbriel": "umbriel",
        "xdg-desktop-portal-umbriel": "xdg-desktop-portal-umbriel",
        "zen-browser": "zen-browser"
      }
    },
    "systems": {
      "locked": {
        "lastModified": 1681028828,
        "narHash": "sha256-Vy1rq5AaRuLzOxct8nz4T6wlgyUR7zLU309k9mBC768=",
        "owner": "nix-systems",
        "repo": "default",
        "rev": "da67096a3b9bf56a91d16901293e51ba5b49a27e",
        "type": "github"
      },
      "original": {
        "owner": "nix-systems",
        "repo": "default",
        "type": "github"
      }
    },
    "umbriel": {
      "inputs": {
        "nixpkgs": [
          "nixpkgs"
        ]
      },
      "locked": {
        "lastModified": 1787671990,
        "narHash": "sha256-ZQG6YC3QCIbC63vIrNlGSy6BMdtbP6QA20mwgazVB8k=",
        "ref": "refs/heads/main",
        "rev": "4bbae79602bac4aa79b82cda2ef9d5b386554d86",
        "revCount": 532,
        "submodules": true,
        "type": "git",
        "url": "https://github.com/noctalia-dev/umbriel"
      },
      "original": {
        "type": "git",
        "url": "https://github.com/noctalia-dev/umbriel"
      }
    },
    "xdg-desktop-portal-umbriel": {
      "inputs": {
        "nixpkgs": [
          "nixpkgs"
        ]
      },
      "locked": {
        "lastModified": 1787580138,
        "narHash": "sha256-fqU58lZeFchlY5aqyQgIfrN5ec/jqbhXNwNxyL2lp/g=",
        "owner": "noctalia-dev",
        "repo": "xdg-desktop-portal-umbriel",
        "rev": "515c9f70f13ba4b4b9e19930b3e899c4ac8a50a4",
        "type": "github"
      },
      "original": {
        "owner": "noctalia-dev",
        "repo": "xdg-desktop-portal-umbriel",
        "type": "github"
      }
    },
    "zen-browser": {
      "inputs": {
        "nixpkgs": [
          "nixpkgs"
        ]
      },
      "locked": {
        "lastModified": 1787200418,
        "narHash": "sha256-4d24Wa/CO8WsSEjKwzFwJXn+oxbI4Bm8xuMR77xJgYI=",
        "owner": "youwen5",
        "repo": "zen-browser-flake",
        "rev": "20195bc99e82b02abe82bb81ac366ae81c67dc5a",
        "type": "github"
      },
      "original": {
        "owner": "youwen5",
        "repo": "zen-browser-flake",
        "type": "github"
      }
    }
  },
  "root": "root",
  "version": 7
}
